
Microsoft Visual Studio Solution File, Format Version 12.00
# Visual Studio Version 17
VisualStudioVersion = 17.2.32505.173
MinimumVisualStudioVersion = 10.0.40219.1
Project("{FAE04EC0-301F-11D3-BF4B-00C04F79EFBC}") = "DocPassword", "DocPassword\DocPassword.csproj", "{3FBCFAD8-86DA-432E-9E6B-03C888B7DC60}"
EndProject
Project("{FAE04EC0-301F-11D3-BF4B-00C04F79EFBC}") = "DocPasswordUI", "..\DocPasswordUI\DocPasswordUI.csproj", "{61E25FB4-61E0-4C51-9585-FD7F38772018}"
EndProject
Global
	GlobalSection(SolutionConfigurationPlatforms) = preSolution
		Debug|Any CPU = Debug|Any CPU
		Debug|x64 = Debug|x64
		Executable|Any CPU = Executable|Any CPU
		Executable|x64 = Executable|x64
		Release|Any CPU = Release|Any CPU
		Release|x64 = Release|x64
	EndGlobalSection
	GlobalSection(ProjectConfigurationPlatforms) = postSolution
		{3FBCFAD8-86DA-432E-9E6B-03C888B7DC60}.Debug|Any CPU.ActiveCfg = Debug|Any CPU
		{3FBCFAD8-86DA-432E-9E6B-03C888B7DC60}.Debug|Any CPU.Build.0 = Debug|Any CPU
		{3FBCFAD8-86DA-432E-9E6B-03C888B7DC60}.Debug|x64.ActiveCfg = x64|x64
		{3FBCFAD8-86DA-432E-9E6B-03C888B7DC60}.Debug|x64.Build.0 = x64|x64
		{3FBCFAD8-86DA-432E-9E6B-03C888B7DC60}.Executable|Any CPU.ActiveCfg = Executable|Any CPU
		{3FBCFAD8-86DA-432E-9E6B-03C888B7DC60}.Executable|Any CPU.Build.0 = Executable|Any CPU
		{3FBCFAD8-86DA-432E-9E6B-03C888B7DC60}.Executable|x64.ActiveCfg = Executable|x64
		{3FBCFAD8-86DA-432E-9E6B-03C888B7DC60}.Executable|x64.Build.0 = Executable|x64
		{3FBCFAD8-86DA-432E-9E6B-03C888B7DC60}.Release|Any CPU.ActiveCfg = Release|Any CPU
		{3FBCFAD8-86DA-432E-9E6B-03C888B7DC60}.Release|Any CPU.Build.0 = Release|Any CPU
		{3FBCFAD8-86DA-432E-9E6B-03C888B7DC60}.Release|x64.ActiveCfg = Debug|Any CPU
		{3FBCFAD8-86DA-432E-9E6B-03C888B7DC60}.Release|x64.Build.0 = Debug|Any CPU
		{61E25FB4-61E0-4C51-9585-FD7F38772018}.Debug|Any CPU.ActiveCfg = Debug|Any CPU
		{61E25FB4-61E0-4C51-9585-FD7F38772018}.Debug|Any CPU.Build.0 = Debug|Any CPU
		{61E25FB4-61E0-4C51-9585-FD7F38772018}.Debug|x64.ActiveCfg = x64|x64
		{61E25FB4-61E0-4C51-9585-FD7F38772018}.Debug|x64.Build.0 = x64|x64
		{61E25FB4-61E0-4C51-9585-FD7F38772018}.Executable|Any CPU.ActiveCfg = Executable|Any CPU
		{61E25FB4-61E0-4C51-9585-FD7F38772018}.Executable|Any CPU.Build.0 = Executable|Any CPU
		{61E25FB4-61E0-4C51-9585-FD7F38772018}.Executable|x64.ActiveCfg = Executable|x64
		{61E25FB4-61E0-4C51-9585-FD7F38772018}.Executable|x64.Build.0 = Executable|x64
		{61E25FB4-61E0-4C51-9585-FD7F38772018}.Release|Any CPU.ActiveCfg = Release|Any CPU
		{61E25FB4-61E0-4C51-9585-FD7F38772018}.Release|Any CPU.Build.0 = Release|Any CPU
		{61E25FB4-61E0-4C51-9585-FD7F38772018}.Release|x64.ActiveCfg = Debug|Any CPU
		{61E25FB4-61E0-4C51-9585-FD7F38772018}.Release|x64.Build.0 = Debug|Any CPU
	EndGlobalSection
	GlobalSection(SolutionProperties) = preSolution
		HideSolutionNode = FALSE
	EndGlobalSection
	GlobalSection(ExtensibilityGlobals) = postSolution
		SolutionGuid = {FDBC844B-0138-416B-8720-0DDD57E2EC1F}
	EndGlobalSection
EndGlobal
